// !$*UTF8*$!
{
	archiveVersion = 1;
	classes = {
	};
	objectVersion = 56;
	objects = {

/* Begin PBXBuildFile section */
		3F300BB42B0B5655007F933B /* AppDelegate.swift in Sources */ = {isa = PBXBuildFile; fileRef = 3F300BB32B0B5655007F933B /* AppDelegate.swift */; };
		3F300BB62B0B5655007F933B /* SceneDelegate.swift in Sources */ = {isa = PBXBuildFile; fileRef = 3F300BB52B0B5655007F933B /* SceneDelegate.swift */; };
		3F300BB82B0B5655007F933B /* ViewController.swift in Sources */ = {isa = PBXBuildFile; fileRef = 3F300BB72B0B5655007F933B /* ViewController.swift */; };
		3F300BBB2B0B5655007F933B /* Main.storyboard in Resources */ = {isa = PBXBuildFile; fileRef = 3F300BB92B0B5655007F933B /* Main.storyboard */; };
		3F300BBD2B0B5657007F933B /* Assets.xcassets in Resources */ = {isa = PBXBuildFile; fileRef = 3F300BBC2B0B5657007F933B /* Assets.xcassets */; };
		3F300BC02B0B5657007F933B /* LaunchScreen.storyboard in Resources */ = {isa = PBXBuildFile; fileRef = 3F300BBE2B0B5657007F933B /* LaunchScreen.storyboard */; };
		3F300BCB2B0B5658007F933B /* CarPoolInTests.swift in Sources */ = {isa = PBXBuildFile; fileRef = 3F300BCA2B0B5658007F933B /* CarPoolInTests.swift */; };
		3F300BD52B0B5658007F933B /* CarPoolInUITests.swift in Sources */ = {isa = PBXBuildFile; fileRef = 3F300BD42B0B5658007F933B /* CarPoolInUITests.swift */; };
		3F300BD72B0B5658007F933B /* CarPoolInUITestsLaunchTests.swift in Sources */ = {isa = PBXBuildFile; fileRef = 3F300BD62B0B5658007F933B /* CarPoolInUITestsLaunchTests.swift */; };
		901682002B0DFE40000EA081 /* MapKit.framework in Frameworks */ = {isa = PBXBuildFile; fileRef = 901681FF2B0DFE40000EA081 /* MapKit.framework */; };
		901682022B0DFE73000EA081 /* CoreData.framework in Frameworks */ = {isa = PBXBuildFile; fileRef = 901682012B0DFE73000EA081 /* CoreData.framework */; };
		901682062B0F576A000EA081 /* DashboardTabBarController.swift in Sources */ = {isa = PBXBuildFile; fileRef = 901682052B0F576A000EA081 /* DashboardTabBarController.swift */; };
		90A2858C2B0B77A4003C21BE /* LoginEntryViewController.swift in Sources */ = {isa = PBXBuildFile; fileRef = 90A2858B2B0B77A4003C21BE /* LoginEntryViewController.swift */; };
		90A2858E2B0B7D45003C21BE /* LoginViewController.swift in Sources */ = {isa = PBXBuildFile; fileRef = 90A2858D2B0B7D45003C21BE /* LoginViewController.swift */; };
		90A285902B0C7FD0003C21BE /* verifyAPI.swift in Sources */ = {isa = PBXBuildFile; fileRef = 90A2858F2B0C7FD0003C21BE /* verifyAPI.swift */; };
		90A285922B0C9A4F003C21BE /* VerifcationCheckViewController.swift in Sources */ = {isa = PBXBuildFile; fileRef = 90A285912B0C9A4F003C21BE /* VerifcationCheckViewController.swift */; };
		90A285942B0CAD93003C21BE /* SignUpViewController.swift in Sources */ = {isa = PBXBuildFile; fileRef = 90A285932B0CAD93003C21BE /* SignUpViewController.swift */; };
		90A285972B0CB5D1003C21BE /* UserModel.xcdatamodeld in Sources */ = {isa = PBXBuildFile; fileRef = 90A285952B0CB5D1003C21BE /* UserModel.xcdatamodeld */; };
		90A285992B0CD72F003C21BE /* DatabaseManager.swift in Sources */ = {isa = PBXBuildFile; fileRef = 90A285982B0CD72F003C21BE /* DatabaseManager.swift */; };
		90A2859B2B0CD785003C21BE /* User.swift in Sources */ = {isa = PBXBuildFile; fileRef = 90A2859A2B0CD785003C21BE /* User.swift */; };
		90A2859F2B0DF91B003C21BE /* FindRideViewController.swift in Sources */ = {isa = PBXBuildFile; fileRef = 90A2859E2B0DF91B003C21BE /* FindRideViewController.swift */; };
		90A285A12B0DF92D003C21BE /* OfferRideViewController.swift in Sources */ = {isa = PBXBuildFile; fileRef = 90A285A02B0DF92D003C21BE /* OfferRideViewController.swift */; };
		90A285A32B0DF93E003C21BE /* ProfileViewController.swift in Sources */ = {isa = PBXBuildFile; fileRef = 90A285A22B0DF93E003C21BE /* ProfileViewController.swift */; };
/* End PBXBuildFile section */

/* Begin PBXContainerItemProxy section */
		3F300BC72B0B5658007F933B /* PBXContainerItemProxy */ = {
			isa = PBXContainerItemProxy;
			containerPortal = 3F300BA82B0B5655007F933B /* Project object */;
			proxyType = 1;
			remoteGlobalIDString = 3F300BAF2B0B5655007F933B;
			remoteInfo = CarPoolIn;
		};
		3F300BD12B0B5658007F933B /* PBXContainerItemProxy */ = {
			isa = PBXContainerItemProxy;
			containerPortal = 3F300BA82B0B5655007F933B /* Project object */;
			proxyType = 1;
			remoteGlobalIDString = 3F300BAF2B0B5655007F933B;
			remoteInfo = CarPoolIn;
		};
/* End PBXContainerItemProxy section */

/* Begin PBXFileReference section */
		3F300BB02B0B5655007F933B /* CarPoolIn.app */ = {isa = PBXFileReference; explicitFileType = wrapper.application; includeInIndex = 0; path = CarPoolIn.app; sourceTree = BUILT_PRODUCTS_DIR; };
		3F300BB32B0B5655007F933B /* AppDelegate.swift */ = {isa = PBXFileReference; lastKnownFileType = sourcecode.swift; path = AppDelegate.swift; sourceTree = "<group>"; };
		3F300BB52B0B5655007F933B /* SceneDelegate.swift */ = {isa = PBXFileReference; lastKnownFileType = sourcecode.swift; path = SceneDelegate.swift; sourceTree = "<group>"; };
		3F300BB72B0B5655007F933B /* ViewController.swift */ = {isa = PBXFileReference; lastKnownFileType = sourcecode.swift; path = ViewController.swift; sourceTree = "<group>"; };
		3F300BBA2B0B5655007F933B /* Base */ = {isa = PBXFileReference; lastKnownFileType = file.storyboard; name = Base; path = Base.lproj/Main.storyboard; sourceTree = "<group>"; };
		3F300BBC2B0B5657007F933B /* Assets.xcassets */ = {isa = PBXFileReference; lastKnownFileType = folder.assetcatalog; path = Assets.xcassets; sourceTree = "<group>"; };
		3F300BBF2B0B5657007F933B /* Base */ = {isa = PBXFileReference; lastKnownFileType = file.storyboard; name = Base; path = Base.lproj/LaunchScreen.storyboard; sourceTree = "<group>"; };
		3F300BC12B0B5657007F933B /* Info.plist */ = {isa = PBXFileReference; lastKnownFileType = text.plist.xml; path = Info.plist; sourceTree = "<group>"; };
		3F300BC62B0B5658007F933B /* CarPoolInTests.xctest */ = {isa = PBXFileReference; explicitFileType = wrapper.cfbundle; includeInIndex = 0; path = CarPoolInTests.xctest; sourceTree = BUILT_PRODUCTS_DIR; };
		3F300BCA2B0B5658007F933B /* CarPoolInTests.swift */ = {isa = PBXFileReference; lastKnownFileType = sourcecode.swift; path = CarPoolInTests.swift; sourceTree = "<group>"; };
		3F300BD02B0B5658007F933B /* CarPoolInUITests.xctest */ = {isa = PBXFileReference; explicitFileType = wrapper.cfbundle; includeInIndex = 0; path = CarPoolInUITests.xctest; sourceTree = BUILT_PRODUCTS_DIR; };
		3F300BD42B0B5658007F933B /* CarPoolInUITests.swift */ = {isa = PBXFileReference; lastKnownFileType = sourcecode.swift; path = CarPoolInUITests.swift; sourceTree = "<group>"; };
		3F300BD62B0B5658007F933B /* CarPoolInUITestsLaunchTests.swift */ = {isa = PBXFileReference; lastKnownFileType = sourcecode.swift; path = CarPoolInUITestsLaunchTests.swift; sourceTree = "<group>"; };
		901681FF2B0DFE40000EA081 /* MapKit.framework */ = {isa = PBXFileReference; lastKnownFileType = wrapper.framework; name = MapKit.framework; path = System/Library/Frameworks/MapKit.framework; sourceTree = SDKROOT; };
		901682012B0DFE73000EA081 /* CoreData.framework */ = {isa = PBXFileReference; lastKnownFileType = wrapper.framework; name = CoreData.framework; path = System/Library/Frameworks/CoreData.framework; sourceTree = SDKROOT; };
		901682052B0F576A000EA081 /* DashboardTabBarController.swift */ = {isa = PBXFileReference; lastKnownFileType = sourcecode.swift; path = DashboardTabBarController.swift; sourceTree = "<group>"; };
		90A2858B2B0B77A4003C21BE /* LoginEntryViewController.swift */ = {isa = PBXFileReference; lastKnownFileType = sourcecode.swift; path = LoginEntryViewController.swift; sourceTree = "<group>"; };
		90A2858D2B0B7D45003C21BE /* LoginViewController.swift */ = {isa = PBXFileReference; lastKnownFileType = sourcecode.swift; path = LoginViewController.swift; sourceTree = "<group>"; };
		90A2858F2B0C7FD0003C21BE /* verifyAPI.swift */ = {isa = PBXFileReference; lastKnownFileType = sourcecode.swift; path = verifyAPI.swift; sourceTree = SOURCE_ROOT; };
		90A285912B0C9A4F003C21BE /* VerifcationCheckViewController.swift */ = {isa = PBXFileReference; lastKnownFileType = sourcecode.swift; path = VerifcationCheckViewController.swift; sourceTree = SOURCE_ROOT; };
		90A285932B0CAD93003C21BE /* SignUpViewController.swift */ = {isa = PBXFileReference; lastKnownFileType = sourcecode.swift; path = SignUpViewController.swift; sourceTree = "<group>"; };
		90A285962B0CB5D1003C21BE /* UserModel.xcdatamodel */ = {isa = PBXFileReference; lastKnownFileType = wrapper.xcdatamodel; path = UserModel.xcdatamodel; sourceTree = "<group>"; };
		90A285982B0CD72F003C21BE /* DatabaseManager.swift */ = {isa = PBXFileReference; lastKnownFileType = sourcecode.swift; path = DatabaseManager.swift; sourceTree = "<group>"; };
		90A2859A2B0CD785003C21BE /* User.swift */ = {isa = PBXFileReference; lastKnownFileType = sourcecode.swift; path = User.swift; sourceTree = "<group>"; };
		90A2859E2B0DF91B003C21BE /* FindRideViewController.swift */ = {isa = PBXFileReference; lastKnownFileType = sourcecode.swift; path = FindRideViewController.swift; sourceTree = "<group>"; };
		90A285A02B0DF92D003C21BE /* OfferRideViewController.swift */ = {isa = PBXFileReference; lastKnownFileType = sourcecode.swift; path = OfferRideViewController.swift; sourceTree = "<group>"; };
		90A285A22B0DF93E003C21BE /* ProfileViewController.swift */ = {isa = PBXFileReference; lastKnownFileType = sourcecode.swift; path = ProfileViewController.swift; sourceTree = "<group>"; };
/* End PBXFileReference section */

/* Begin PBXFrameworksBuildPhase section */
		3F300BAD2B0B5655007F933B /* Frameworks */ = {
			isa = PBXFrameworksBuildPhase;
			buildActionMask = 2147483647;
			files = (
				901682002B0DFE40000EA081 /* MapKit.framework in Frameworks */,
				901682022B0DFE73000EA081 /* CoreData.framework in Frameworks */,
			);
			runOnlyForDeploymentPostprocessing = 0;
		};
		3F300BC32B0B5658007F933B /* Frameworks */ = {
			isa = PBXFrameworksBuildPhase;
			buildActionMask = 2147483647;
			files = (
			);
			runOnlyForDeploymentPostprocessing = 0;
		};
		3F300BCD2B0B5658007F933B /* Frameworks */ = {
			isa = PBXFrameworksBuildPhase;
			buildActionMask = 2147483647;
			files = (
			);
			runOnlyForDeploymentPostprocessing = 0;
		};
/* End PBXFrameworksBuildPhase section */

/* Begin PBXGroup section */
		3F300BA72B0B5655007F933B = {
			isa = PBXGroup;
			children = (
				3F300BB22B0B5655007F933B /* CarPoolIn */,
				3F300BC92B0B5658007F933B /* CarPoolInTests */,
				3F300BD32B0B5658007F933B /* CarPoolInUITests */,
				3F300BB12B0B5655007F933B /* Products */,
				901681FE2B0DFE3F000EA081 /* Frameworks */,
			);
			sourceTree = "<group>";
		};
		3F300BB12B0B5655007F933B /* Products */ = {
			isa = PBXGroup;
			children = (
				3F300BB02B0B5655007F933B /* CarPoolIn.app */,
				3F300BC62B0B5658007F933B /* CarPoolInTests.xctest */,
				3F300BD02B0B5658007F933B /* CarPoolInUITests.xctest */,
			);
			name = Products;
			sourceTree = "<group>";
		};
		3F300BB22B0B5655007F933B /* CarPoolIn */ = {
			isa = PBXGroup;
			children = (
				90A2859A2B0CD785003C21BE /* User.swift */,
				90A285982B0CD72F003C21BE /* DatabaseManager.swift */,
				90A285952B0CB5D1003C21BE /* UserModel.xcdatamodeld */,
				90A2858D2B0B7D45003C21BE /* LoginViewController.swift */,
				3F300BB32B0B5655007F933B /* AppDelegate.swift */,
				3F300BB52B0B5655007F933B /* SceneDelegate.swift */,
				3F300BB72B0B5655007F933B /* ViewController.swift */,
				90A2858B2B0B77A4003C21BE /* LoginEntryViewController.swift */,
				3F300BB92B0B5655007F933B /* Main.storyboard */,
				901682052B0F576A000EA081 /* DashboardTabBarController.swift */,
				90A2859E2B0DF91B003C21BE /* FindRideViewController.swift */,
				90A285A02B0DF92D003C21BE /* OfferRideViewController.swift */,
				90A285A22B0DF93E003C21BE /* ProfileViewController.swift */,
				90A285932B0CAD93003C21BE /* SignUpViewController.swift */,
				90A285912B0C9A4F003C21BE /* VerifcationCheckViewController.swift */,
				3F300BBC2B0B5657007F933B /* Assets.xcassets */,
				3F300BBE2B0B5657007F933B /* LaunchScreen.storyboard */,
				3F300BC12B0B5657007F933B /* Info.plist */,
				90A2858F2B0C7FD0003C21BE /* verifyAPI.swift */,
			);
			path = CarPoolIn;
			sourceTree = "<group>";
		};
		3F300BC92B0B5658007F933B /* CarPoolInTests */ = {
			isa = PBXGroup;
			children = (
				3F300BCA2B0B5658007F933B /* CarPoolInTests.swift */,
			);
			path = CarPoolInTests;
			sourceTree = "<group>";
		};
		3F300BD32B0B5658007F933B /* CarPoolInUITests */ = {
			isa = PBXGroup;
			children = (
				3F300BD42B0B5658007F933B /* CarPoolInUITests.swift */,
				3F300BD62B0B5658007F933B /* CarPoolInUITestsLaunchTests.swift */,
			);
			path = CarPoolInUITests;
			sourceTree = "<group>";
		};
		901681FE2B0DFE3F000EA081 /* Frameworks */ = {
			isa = PBXGroup;
			children = (
				901682012B0DFE73000EA081 /* CoreData.framework */,
				901681FF2B0DFE40000EA081 /* MapKit.framework */,
			);
			name = Frameworks;
			sourceTree = "<group>";
		};
/* End PBXGroup section */

/* Begin PBXNativeTarget section */
		3F300BAF2B0B5655007F933B /* CarPoolIn */ = {
			isa = PBXNativeTarget;
			buildConfigurationList = 3F300BDA2B0B5658007F933B /* Build configuration list for PBXNativeTarget "CarPoolIn" */;
			buildPhases = (
				3F300BAC2B0B5655007F933B /* Sources */,
				3F300BAD2B0B5655007F933B /* Frameworks */,
				3F300BAE2B0B5655007F933B /* Resources */,
			);
			buildRules = (
			);
			dependencies = (
			);
			name = CarPoolIn;
			productName = CarPoolIn;
			productReference = 3F300BB02B0B5655007F933B /* CarPoolIn.app */;
			productType = "com.apple.product-type.application";
		};
		3F300BC52B0B5658007F933B /* CarPoolInTests */ = {
			isa = PBXNativeTarget;
			buildConfigurationList = 3F300BDD2B0B5658007F933B /* Build configuration list for PBXNativeTarget "CarPoolInTests" */;
			buildPhases = (
				3F300BC22B0B5658007F933B /* Sources */,
				3F300BC32B0B5658007F933B /* Frameworks */,
				3F300BC42B0B5658007F933B /* Resources */,
			);
			buildRules = (
			);
			dependencies = (
				3F300BC82B0B5658007F933B /* PBXTargetDependency */,
			);
			name = CarPoolInTests;
			productName = CarPoolInTests;
			productReference = 3F300BC62B0B5658007F933B /* CarPoolInTests.xctest */;
			productType = "com.apple.product-type.bundle.unit-test";
		};
		3F300BCF2B0B5658007F933B /* CarPoolInUITests */ = {
			isa = PBXNativeTarget;
			buildConfigurationList = 3F300BE02B0B5658007F933B /* Build configuration list for PBXNativeTarget "CarPoolInUITests" */;
			buildPhases = (
				3F300BCC2B0B5658007F933B /* Sources */,
				3F300BCD2B0B5658007F933B /* Frameworks */,
				3F300BCE2B0B5658007F933B /* Resources */,
			);
			buildRules = (
			);
			dependencies = (
				3F300BD22B0B5658007F933B /* PBXTargetDependency */,
			);
			name = CarPoolInUITests;
			productName = CarPoolInUITests;
			productReference = 3F300BD02B0B5658007F933B /* CarPoolInUITests.xctest */;
			productType = "com.apple.product-type.bundle.ui-testing";
		};
/* End PBXNativeTarget section */

/* Begin PBXProject section */
		3F300BA82B0B5655007F933B /* Project object */ = {
			isa = PBXProject;
			attributes = {
				BuildIndependentTargetsInParallel = 1;
				LastSwiftUpdateCheck = 1430;
				LastUpgradeCheck = 1430;
				TargetAttributes = {
					3F300BAF2B0B5655007F933B = {
						CreatedOnToolsVersion = 14.3.1;
					};
					3F300BC52B0B5658007F933B = {
						CreatedOnToolsVersion = 14.3.1;
						TestTargetID = 3F300BAF2B0B5655007F933B;
					};
					3F300BCF2B0B5658007F933B = {
						CreatedOnToolsVersion = 14.3.1;
						TestTargetID = 3F300BAF2B0B5655007F933B;
					};
				};
			};
			buildConfigurationList = 3F300BAB2B0B5655007F933B /* Build configuration list for PBXProject "CarPoolIn" */;
			compatibilityVersion = "Xcode 14.0";
			developmentRegion = en;
			hasScannedForEncodings = 0;
			knownRegions = (
				en,
				Base,
			);
			mainGroup = 3F300BA72B0B5655007F933B;
			productRefGroup = 3F300BB12B0B5655007F933B /* Products */;
			projectDirPath = "";
			projectRoot = "";
			targets = (
				3F300BAF2B0B5655007F933B /* CarPoolIn */,
				3F300BC52B0B5658007F933B /* CarPoolInTests */,
				3F300BCF2B0B5658007F933B /* CarPoolInUITests */,
			);
		};
/* End PBXProject section */

/* Begin PBXResourcesBuildPhase section */
		3F300BAE2B0B5655007F933B /* Resources */ = {
			isa = PBXResourcesBuildPhase;
			buildActionMask = 2147483647;
			files = (
				3F300BC02B0B5657007F933B /* LaunchScreen.storyboard in Resources */,
				3F300BBD2B0B5657007F933B /* Assets.xcassets in Resources */,
				3F300BBB2B0B5655007F933B /* Main.storyboard in Resources */,
			);
			runOnlyForDeploymentPostprocessing = 0;
		};
		3F300BC42B0B5658007F933B /* Resources */ = {
			isa = PBXResourcesBuildPhase;
			buildActionMask = 2147483647;
			files = (
			);
			runOnlyForDeploymentPostprocessing = 0;
		};
		3F300BCE2B0B5658007F933B /* Resources */ = {
			isa = PBXResourcesBuildPhase;
			buildActionMask = 2147483647;
			files = (
			);
			runOnlyForDeploymentPostprocessing = 0;
		};
/* End PBXResourcesBuildPhase section */

/* Begin PBXSourcesBuildPhase section */
		3F300BAC2B0B5655007F933B /* Sources */ = {
			isa = PBXSourcesBuildPhase;
			buildActionMask = 2147483647;
			files = (
				3F300BB82B0B5655007F933B /* ViewController.swift in Sources */,
				901682062B0F576A000EA081 /* DashboardTabBarController.swift in Sources */,
				90A285A12B0DF92D003C21BE /* OfferRideViewController.swift in Sources */,
				3F300BB42B0B5655007F933B /* AppDelegate.swift in Sources */,
				90A285992B0CD72F003C21BE /* DatabaseManager.swift in Sources */,
				90A285A32B0DF93E003C21BE /* ProfileViewController.swift in Sources */,
				90A285942B0CAD93003C21BE /* SignUpViewController.swift in Sources */,
				3F300BB62B0B5655007F933B /* SceneDelegate.swift in Sources */,
				90A285902B0C7FD0003C21BE /* verifyAPI.swift in Sources */,
				90A2858E2B0B7D45003C21BE /* LoginViewController.swift in Sources */,
				90A2859F2B0DF91B003C21BE /* FindRideViewController.swift in Sources */,
				90A2858C2B0B77A4003C21BE /* LoginEntryViewController.swift in Sources */,
				90A285922B0C9A4F003C21BE /* VerifcationCheckViewController.swift in Sources */,
				90A285972B0CB5D1003C21BE /* UserModel.xcdatamodeld in Sources */,
				90A2859B2B0CD785003C21BE /* User.swift in Sources */,
			);
			runOnlyForDeploymentPostprocessing = 0;
		};
		3F300BC22B0B5658007F933B /* Sources */ = {
			isa = PBXSourcesBuildPhase;
			buildActionMask = 2147483647;
			files = (
				3F300BCB2B0B5658007F933B /* CarPoolInTests.swift in Sources */,
			);
			runOnlyForDeploymentPostprocessing = 0;
		};
		3F300BCC2B0B5658007F933B /* Sources */ = {
			isa = PBXSourcesBuildPhase;
			buildActionMask = 2147483647;
			files = (
				3F300BD72B0B5658007F933B /* CarPoolInUITestsLaunchTests.swift in Sources */,
				3F300BD52B0B5658007F933B /* CarPoolInUITests.swift in Sources */,
			);
			runOnlyForDeploymentPostprocessing = 0;
		};
/* End PBXSourcesBuildPhase section */

/* Begin PBXTargetDependency section */
		3F300BC82B0B5658007F933B /* PBXTargetDependency */ = {
			isa = PBXTargetDependency;
			target = 3F300BAF2B0B5655007F933B /* CarPoolIn */;
			targetProxy = 3F300BC72B0B5658007F933B /* PBXContainerItemProxy */;
		};
		3F300BD22B0B5658007F933B /* PBXTargetDependency */ = {
			isa = PBXTargetDependency;
			target = 3F300BAF2B0B5655007F933B /* CarPoolIn */;
			targetProxy = 3F300BD12B0B5658007F933B /* PBXContainerItemProxy */;
		};
/* End PBXTargetDependency section */

/* Begin PBXVariantGroup section */
		3F300BB92B0B5655007F933B /* Main.storyboard */ = {
			isa = PBXVariantGroup;
			children = (
				3F300BBA2B0B5655007F933B /* Base */,
			);
			name = Main.storyboard;
			sourceTree = "<group>";
		};
		3F300BBE2B0B5657007F933B /* LaunchScreen.storyboard */ = {
			isa = PBXVariantGroup;
			children = (
				3F300BBF2B0B5657007F933B /* Base */,
			);
			name = LaunchScreen.storyboard;
			sourceTree = "<group>";
		};
/* End PBXVariantGroup section */

/* Begin XCBuildConfiguration section */
		3F300BD82B0B5658007F933B /* Debug */ = {
			isa = XCBuildConfiguration;
			buildSettings = {
				ALWAYS_SEARCH_USER_PATHS = NO;
				CLANG_ANALYZER_NONNULL = YES;
				CLANG_ANALYZER_NUMBER_OBJECT_CONVERSION = YES_AGGRESSIVE;
				CLANG_CXX_LANGUAGE_STANDARD = "gnu++20";
				CLANG_ENABLE_MODULES = YES;
				CLANG_ENABLE_OBJC_ARC = YES;
				CLANG_ENABLE_OBJC_WEAK = YES;
				CLANG_WARN_BLOCK_CAPTURE_AUTORELEASING = YES;
				CLANG_WARN_BOOL_CONVERSION = YES;
				CLANG_WARN_COMMA = YES;
				CLANG_WARN_CONSTANT_CONVERSION = YES;
				CLANG_WARN_DEPRECATED_OBJC_IMPLEMENTATIONS = YES;
				CLANG_WARN_DIRECT_OBJC_ISA_USAGE = YES_ERROR;
				CLANG_WARN_DOCUMENTATION_COMMENTS = YES;
				CLANG_WARN_EMPTY_BODY = YES;
				CLANG_WARN_ENUM_CONVERSION = YES;
				CLANG_WARN_INFINITE_RECURSION = YES;
				CLANG_WARN_INT_CONVERSION = YES;
				CLANG_WARN_NON_LITERAL_NULL_CONVERSION = YES;
				CLANG_WARN_OBJC_IMPLICIT_RETAIN_SELF = YES;
				CLANG_WARN_OBJC_LITERAL_CONVERSION = YES;
				CLANG_WARN_OBJC_ROOT_CLASS = YES_ERROR;
				CLANG_WARN_QUOTED_INCLUDE_IN_FRAMEWORK_HEADER = YES;
				CLANG_WARN_RANGE_LOOP_ANALYSIS = YES;
				CLANG_WARN_STRICT_PROTOTYPES = YES;
				CLANG_WARN_SUSPICIOUS_MOVE = YES;
				CLANG_WARN_UNGUARDED_AVAILABILITY = YES_AGGRESSIVE;
				CLANG_WARN_UNREACHABLE_CODE = YES;
				CLANG_WARN__DUPLICATE_METHOD_MATCH = YES;
				COPY_PHASE_STRIP = NO;
				DEBUG_INFORMATION_FORMAT = dwarf;
				ENABLE_STRICT_OBJC_MSGSEND = YES;
				ENABLE_TESTABILITY = YES;
				GCC_C_LANGUAGE_STANDARD = gnu11;
				GCC_DYNAMIC_NO_PIC = NO;
				GCC_NO_COMMON_BLOCKS = YES;
				GCC_OPTIMIZATION_LEVEL = 0;
				GCC_PREPROCESSOR_DEFINITIONS = (
					"DEBUG=1",
					"$(inherited)",
				);
				GCC_WARN_64_TO_32_BIT_CONVERSION = YES;
				GCC_WARN_ABOUT_RETURN_TYPE = YES_ERROR;
				GCC_WARN_UNDECLARED_SELECTOR = YES;
				GCC_WARN_UNINITIALIZED_AUTOS = YES_AGGRESSIVE;
				GCC_WARN_UNUSED_FUNCTION = YES;
				GCC_WARN_UNUSED_VARIABLE = YES;
				IPHONEOS_DEPLOYMENT_TARGET = 16.4;
				MTL_ENABLE_DEBUG_INFO = INCLUDE_SOURCE;
				MTL_FAST_MATH = YES;
				ONLY_ACTIVE_ARCH = YES;
				SDKROOT = iphoneos;
				SWIFT_ACTIVE_COMPILATION_CONDITIONS = DEBUG;
				SWIFT_OPTIMIZATION_LEVEL = "-Onone";
			};
			name = Debug;
		};
		3F300BD92B0B5658007F933B /* Release */ = {
			isa = XCBuildConfiguration;
			buildSettings = {
				ALWAYS_SEARCH_USER_PATHS = NO;
				CLANG_ANALYZER_NONNULL = YES;
				CLANG_ANALYZER_NUMBER_OBJECT_CONVERSION = YES_AGGRESSIVE;
				CLANG_CXX_LANGUAGE_STANDARD = "gnu++20";
				CLANG_ENABLE_MODULES = YES;
				CLANG_ENABLE_OBJC_ARC = YES;
				CLANG_ENABLE_OBJC_WEAK = YES;
				CLANG_WARN_BLOCK_CAPTURE_AUTORELEASING = YES;
				CLANG_WARN_BOOL_CONVERSION = YES;
				CLANG_WARN_COMMA = YES;
				CLANG_WARN_CONSTANT_CONVERSION = YES;
				CLANG_WARN_DEPRECATED_OBJC_IMPLEMENTATIONS = YES;
				CLANG_WARN_DIRECT_OBJC_ISA_USAGE = YES_ERROR;
				CLANG_WARN_DOCUMENTATION_COMMENTS = YES;
				CLANG_WARN_EMPTY_BODY = YES;
				CLANG_WARN_ENUM_CONVERSION = YES;
				CLANG_WARN_INFINITE_RECURSION = YES;
				CLANG_WARN_INT_CONVERSION = YES;
				CLANG_WARN_NON_LITERAL_NULL_CONVERSION = YES;
				CLANG_WARN_OBJC_IMPLICIT_RETAIN_SELF = YES;
				CLANG_WARN_OBJC_LITERAL_CONVERSION = YES;
				CLANG_WARN_OBJC_ROOT_CLASS = YES_ERROR;
				CLANG_WARN_QUOTED_INCLUDE_IN_FRAMEWORK_HEADER = YES;
				CLANG_WARN_RANGE_LOOP_ANALYSIS = YES;
				CLANG_WARN_STRICT_PROTOTYPES = YES;
				CLANG_WARN_SUSPICIOUS_MOVE = YES;
				CLANG_WARN_UNGUARDED_AVAILABILITY = YES_AGGRESSIVE;
				CLANG_WARN_UNREACHABLE_CODE = YES;
				CLANG_WARN__DUPLICATE_METHOD_MATCH = YES;
				COPY_PHASE_STRIP = NO;
				DEBUG_INFORMATION_FORMAT = "dwarf-with-dsym";
				ENABLE_NS_ASSERTIONS = NO;
				ENABLE_STRICT_OBJC_MSGSEND = YES;
				GCC_C_LANGUAGE_STANDARD = gnu11;
				GCC_NO_COMMON_BLOCKS = YES;
				GCC_WARN_64_TO_32_BIT_CONVERSION = YES;
				GCC_WARN_ABOUT_RETURN_TYPE = YES_ERROR;
				GCC_WARN_UNDECLARED_SELECTOR = YES;
				GCC_WARN_UNINITIALIZED_AUTOS = YES_AGGRESSIVE;
				GCC_WARN_UNUSED_FUNCTION = YES;
				GCC_WARN_UNUSED_VARIABLE = YES;
				IPHONEOS_DEPLOYMENT_TARGET = 16.4;
				MTL_ENABLE_DEBUG_INFO = NO;
				MTL_FAST_MATH = YES;
				SDKROOT = iphoneos;
				SWIFT_COMPILATION_MODE = wholemodule;
				SWIFT_OPTIMIZATION_LEVEL = "-O";
				VALIDATE_PRODUCT = YES;
			};
			name = Release;
		};
		3F300BDB2B0B5658007F933B /* Debug */ = {
			isa = XCBuildConfiguration;
			buildSettings = {
				ASSETCATALOG_COMPILER_APPICON_NAME = AppIcon;
				ASSETCATALOG_COMPILER_GLOBAL_ACCENT_COLOR_NAME = AccentColor;
				CODE_SIGN_STYLE = Automatic;
				CURRENT_PROJECT_VERSION = 1;
				DEVELOPMENT_TEAM = 3U72GRK4NZ;
				GENERATE_INFOPLIST_FILE = YES;
				INFOPLIST_FILE = CarPoolIn/Info.plist;
				INFOPLIST_KEY_UIApplicationSupportsIndirectInputEvents = YES;
				INFOPLIST_KEY_UILaunchStoryboardName = LaunchScreen;
				INFOPLIST_KEY_UIMainStoryboardFile = Main;
				INFOPLIST_KEY_UISupportedInterfaceOrientations_iPad = "UIInterfaceOrientationPortrait UIInterfaceOrientationPortraitUpsideDown UIInterfaceOrientationLandscapeLeft UIInterfaceOrientationLandscapeRight";
				INFOPLIST_KEY_UISupportedInterfaceOrientations_iPhone = "UIInterfaceOrientationPortrait UIInterfaceOrientationLandscapeLeft UIInterfaceOrientationLandscapeRight";
				LD_RUNPATH_SEARCH_PATHS = (
					"$(inherited)",
					"@executable_path/Frameworks",
				);
				MARKETING_VERSION = 1.0;
				PRODUCT_BUNDLE_IDENTIFIER = manipal.edu.CarPoolIn;
				PRODUCT_NAME = "$(TARGET_NAME)";
				SWIFT_EMIT_LOC_STRINGS = YES;
				SWIFT_VERSION = 5.0;
				TARGETED_DEVICE_FAMILY = "1,2";
			};
			name = Debug;
		};
		3F300BDC2B0B5658007F933B /* Release */ = {
			isa = XCBuildConfiguration;
			buildSettings = {
				ASSETCATALOG_COMPILER_APPICON_NAME = AppIcon;
				ASSETCATALOG_COMPILER_GLOBAL_ACCENT_COLOR_NAME = AccentColor;
				CODE_SIGN_STYLE = Automatic;
				CURRENT_PROJECT_VERSION = 1;
				DEVELOPMENT_TEAM = 3U72GRK4NZ;
				GENERATE_INFOPLIST_FILE = YES;
				INFOPLIST_FILE = CarPoolIn/Info.plist;
				INFOPLIST_KEY_UIApplicationSupportsIndirectInputEvents = YES;
				INFOPLIST_KEY_UILaunchStoryboardName = LaunchScreen;
				INFOPLIST_KEY_UIMainStoryboardFile = Main;
				INFOPLIST_KEY_UISupportedInterfaceOrientations_iPad = "UIInterfaceOrientationPortrait UIInterfaceOrientationPortraitUpsideDown UIInterfaceOrientationLandscapeLeft UIInterfaceOrientationLandscapeRight";
				INFOPLIST_KEY_UISupportedInterfaceOrientations_iPhone = "UIInterfaceOrientationPortrait UIInterfaceOrientationLandscapeLeft UIInterfaceOrientationLandscapeRight";
				LD_RUNPATH_SEARCH_PATHS = (
					"$(inherited)",
					"@executable_path/Frameworks",
				);
				MARKETING_VERSION = 1.0;
				PRODUCT_BUNDLE_IDENTIFIER = manipal.edu.CarPoolIn;
				PRODUCT_NAME = "$(TARGET_NAME)";
				SWIFT_EMIT_LOC_STRINGS = YES;
				SWIFT_VERSION = 5.0;
				TARGETED_DEVICE_FAMILY = "1,2";
			};
			name = Release;
		};
		3F300BDE2B0B5658007F933B /* Debug */ = {
			isa = XCBuildConfiguration;
			buildSettings = {
				ALWAYS_EMBED_SWIFT_STANDARD_LIBRARIES = YES;
				BUNDLE_LOADER = "$(TEST_HOST)";
				CODE_SIGN_STYLE = Automatic;
				CURRENT_PROJECT_VERSION = 1;
				GENERATE_INFOPLIST_FILE = YES;
				IPHONEOS_DEPLOYMENT_TARGET = 16.4;
				MARKETING_VERSION = 1.0;
				PRODUCT_BUNDLE_IDENTIFIER = manipal.edu.CarPoolInTests;
				PRODUCT_NAME = "$(TARGET_NAME)";
				SWIFT_EMIT_LOC_STRINGS = NO;
				SWIFT_VERSION = 5.0;
				TARGETED_DEVICE_FAMILY = "1,2";
				TEST_HOST = "$(BUILT_PRODUCTS_DIR)/CarPoolIn.app/$(BUNDLE_EXECUTABLE_FOLDER_PATH)/CarPoolIn";
			};
			name = Debug;
		};
		3F300BDF2B0B5658007F933B /* Release */ = {
			isa = XCBuildConfiguration;
			buildSettings = {
				ALWAYS_EMBED_SWIFT_STANDARD_LIBRARIES = YES;
				BUNDLE_LOADER = "$(TEST_HOST)";
				CODE_SIGN_STYLE = Automatic;
				CURRENT_PROJECT_VERSION = 1;
				GENERATE_INFOPLIST_FILE = YES;
				IPHONEOS_DEPLOYMENT_TARGET = 16.4;
				MARKETING_VERSION = 1.0;
				PRODUCT_BUNDLE_IDENTIFIER = manipal.edu.CarPoolInTests;
				PRODUCT_NAME = "$(TARGET_NAME)";
				SWIFT_EMIT_LOC_STRINGS = NO;
				SWIFT_VERSION = 5.0;
				TARGETED_DEVICE_FAMILY = "1,2";
				TEST_HOST = "$(BUILT_PRODUCTS_DIR)/CarPoolIn.app/$(BUNDLE_EXECUTABLE_FOLDER_PATH)/CarPoolIn";
			};
			name = Release;
		};
		3F300BE12B0B5658007F933B /* Debug */ = {
			isa = XCBuildConfiguration;
			buildSettings = {
				ALWAYS_EMBED_SWIFT_STANDARD_LIBRARIES = YES;
				CODE_SIGN_STYLE = Automatic;
				CURRENT_PROJECT_VERSION = 1;
				GENERATE_INFOPLIST_FILE = YES;
				MARKETING_VERSION = 1.0;
				PRODUCT_BUNDLE_IDENTIFIER = manipal.edu.CarPoolInUITests;
				PRODUCT_NAME = "$(TARGET_NAME)";
				SWIFT_EMIT_LOC_STRINGS = NO;
				SWIFT_VERSION = 5.0;
				TARGETED_DEVICE_FAMILY = "1,2";
				TEST_TARGET_NAME = CarPoolIn;
			};
			name = Debug;
		};
		3F300BE22B0B5658007F933B /* Release */ = {
			isa = XCBuildConfiguration;
			buildSettings = {
				ALWAYS_EMBED_SWIFT_STANDARD_LIBRARIES = YES;
				CODE_SIGN_STYLE = Automatic;
				CURRENT_PROJECT_VERSION = 1;
				GENERATE_INFOPLIST_FILE = YES;
				MARKETING_VERSION = 1.0;
				PRODUCT_BUNDLE_IDENTIFIER = manipal.edu.CarPoolInUITests;
				PRODUCT_NAME = "$(TARGET_NAME)";
				SWIFT_EMIT_LOC_STRINGS = NO;
				SWIFT_VERSION = 5.0;
				TARGETED_DEVICE_FAMILY = "1,2";
				TEST_TARGET_NAME = CarPoolIn;
			};
			name = Release;
		};
/* End XCBuildConfiguration section */

/* Begin XCConfigurationList section */
		3F300BAB2B0B5655007F933B /* Build configuration list for PBXProject "CarPoolIn" */ = {
			isa = XCConfigurationList;
			buildConfigurations = (
				3F300BD82B0B5658007F933B /* Debug */,
				3F300BD92B0B5658007F933B /* Release */,
			);
			defaultConfigurationIsVisible = 0;
			defaultConfigurationName = Release;
		};
		3F300BDA2B0B5658007F933B /* Build configuration list for PBXNativeTarget "CarPoolIn" */ = {
			isa = XCConfigurationList;
			buildConfigurations = (
				3F300BDB2B0B5658007F933B /* Debug */,
				3F300BDC2B0B5658007F933B /* Release */,
			);
			defaultConfigurationIsVisible = 0;
			defaultConfigurationName = Release;
		};
		3F300BDD2B0B5658007F933B /* Build configuration list for PBXNativeTarget "CarPoolInTests" */ = {
			isa = XCConfigurationList;
			buildConfigurations = (
				3F300BDE2B0B5658007F933B /* Debug */,
				3F300BDF2B0B5658007F933B /* Release */,
			);
			defaultConfigurationIsVisible = 0;
			defaultConfigurationName = Release;
		};
		3F300BE02B0B5658007F933B /* Build configuration list for PBXNativeTarget "CarPoolInUITests" */ = {
			isa = XCConfigurationList;
			buildConfigurations = (
				3F300BE12B0B5658007F933B /* Debug */,
				3F300BE22B0B5658007F933B /* Release */,
			);
			defaultConfigurationIsVisible = 0;
			defaultConfigurationName = Release;
		};
/* End XCConfigurationList section */

/* Begin XCVersionGroup section */
		90A285952B0CB5D1003C21BE /* UserModel.xcdatamodeld */ = {
			isa = XCVersionGroup;
			children = (
				90A285962B0CB5D1003C21BE /* UserModel.xcdatamodel */,
			);
			currentVersion = 90A285962B0CB5D1003C21BE /* UserModel.xcdatamodel */;
			path = UserModel.xcdatamodeld;
			sourceTree = "<group>";
			versionGroupType = wrapper.xcdatamodel;
		};
/* End XCVersionGroup section */
	};
	rootObject = 3F300BA82B0B5655007F933B /* Project object */;
}
